
Microsoft Visual Studio Solution File, Format Version 12.00
# Visual Studio Version 17
VisualStudioVersion = 17.7.34024.191
MinimumVisualStudioVersion = 10.0.40219.1
Project("{9A19103F-16F7-4668-BE54-9A1E7A4F7556}") = "BooksAndNoble", "BooksAndNoble.csproj", "{B484B084-6B81-41DE-9A00-0F479B847320}"
	ProjectSection(ProjectDependencies) = postProject
		{1BCF9597-42E7-4C5C-8C19-C45CC9ED024D} = {1BCF9597-42E7-4C5C-8C19-C45CC9ED024D}
	EndProjectSection
EndProject
Project("{9A19103F-16F7-4668-BE54-9A1E7A4F7556}") = "BooksAndNoble.Data", "..\BooksAndNoble.Data\BooksAndNoble.Data.csproj", "{1BCF9597-42E7-4C5C-8C19-C45CC9ED024D}"
EndProject
Global
	GlobalSection(SolutionConfigurationPlatforms) = preSolution
		Debug|Any CPU = Debug|Any CPU
		Release|Any CPU = Release|Any CPU
	EndGlobalSection
	GlobalSection(ProjectConfigurationPlatforms) = postSolution
		{B484B084-6B81-41DE-9A00-0F479B847320}.Debug|Any CPU.ActiveCfg = Debug|Any CPU
		{B484B084-6B81-41DE-9A00-0F479B847320}.Debug|Any CPU.Build.0 = Debug|Any CPU
		{B484B084-6B81-41DE-9A00-0F479B847320}.Release|Any CPU.ActiveCfg = Release|Any CPU
		{B484B084-6B81-41DE-9A00-0F479B847320}.Release|Any CPU.Build.0 = Release|Any CPU
		{1BCF9597-42E7-4C5C-8C19-C45CC9ED024D}.Debug|Any CPU.ActiveCfg = Debug|Any CPU
		{1BCF9597-42E7-4C5C-8C19-C45CC9ED024D}.Debug|Any CPU.Build.0 = Debug|Any CPU
		{1BCF9597-42E7-4C5C-8C19-C45CC9ED024D}.Release|Any CPU.ActiveCfg = Release|Any CPU
		{1BCF9597-42E7-4C5C-8C19-C45CC9ED024D}.Release|Any CPU.Build.0 = Release|Any CPU
	EndGlobalSection
	GlobalSection(SolutionProperties) = preSolution
		HideSolutionNode = FALSE
	EndGlobalSection
	GlobalSection(ExtensibilityGlobals) = postSolution
		SolutionGuid = {0C23B3D4-56AE-4281-9449-779D67C9CE64}
	EndGlobalSection
EndGlobal
